
Microsoft Visual Studio Solution File, Format Version 12.00
# Visual Studio Version 17
VisualStudioVersion = 17.7.34221.43
MinimumVisualStudioVersion = 10.0.40219.1
Project("{FAE04EC0-301F-11D3-BF4B-00C04F79EFBC}") = "блокнотик в впф", "блокнотик в впф\блокнотик в впф.csproj", "{B9FA4DF5-71A9-4D80-9C10-E6D6705DFD93}"
EndProject
Global
	GlobalSection(SolutionConfigurationPlatforms) = preSolution
		Debug|Any CPU = Debug|Any CPU
		Release|Any CPU = Release|Any CPU
	EndGlobalSection
	GlobalSection(ProjectConfigurationPlatforms) = postSolution
		{B9FA4DF5-71A9-4D80-9C10-E6D6705DFD93}.Debug|Any CPU.ActiveCfg = Debug|Any CPU
		{B9FA4DF5-71A9-4D80-9C10-E6D6705DFD93}.Debug|Any CPU.Build.0 = Debug|Any CPU
		{B9FA4DF5-71A9-4D80-9C10-E6D6705DFD93}.Release|Any CPU.ActiveCfg = Release|Any CPU
		{B9FA4DF5-71A9-4D80-9C10-E6D6705DFD93}.Release|Any CPU.Build.0 = Release|Any CPU
	EndGlobalSection
	GlobalSection(SolutionProperties) = preSolution
		HideSolutionNode = FALSE
	EndGlobalSection
	GlobalSection(ExtensibilityGlobals) = postSolution
		SolutionGuid = {D5BE3196-5785-49CF-84AE-580E8F346F9D}
	EndGlobalSection
EndGlobal
